// !$*UTF8*$!
{
	archiveVersion = 1;
	classes = {
	};
	objectVersion = 46;
	objects = {

/* Begin PBXBuildFile section */
		7C294A2E1EF0477700590235 /* data.plist in Resources */ = {isa = PBXBuildFile; fileRef = 7C294A2D1EF0477700590235 /* data.plist */; };
		7C7D00001EE6FA2D00C1F416 /* Main.storyboard in Resources */ = {isa = PBXBuildFile; fileRef = 7C7DFFFE1EE6FA2D00C1F416 /* Main.storyboard */; };
		7C7DFFF51EE6FA2D00C1F416 /* AppDelegate.m in Sources */ = {isa = PBXBuildFile; fileRef = 7C7DFFF41EE6FA2D00C1F416 /* AppDelegate.m */; };
		7C7DFFF81EE6FA2D00C1F416 /* main.m in Sources */ = {isa = PBXBuildFile; fileRef = 7C7DFFF71EE6FA2D00C1F416 /* main.m */; };
		7C7DFFFB1EE6FA2D00C1F416 /* ViewController.m in Sources */ = {isa = PBXBuildFile; fileRef = 7C7DFFFA1EE6FA2D00C1F416 /* ViewController.m */; };
		7C7DFFFD1EE6FA2D00C1F416 /* Assets.xcassets in Resources */ = {isa = PBXBuildFile; fileRef = 7C7DFFFC1EE6FA2D00C1F416 /* Assets.xcassets */; };
		7CDEB24520F89DF400356206 /* InfoPlist.strings in Resources */ = {isa = PBXBuildFile; fileRef = 7CDEB24320F89DF400356206 /* InfoPlist.strings */; };
		7CDEB24620F89E2C00356206 /* rypress-logo.png in Resources */ = {isa = PBXBuildFile; fileRef = 7CDEB24820F89E2C00356206 /* rypress-logo.png */; };
		7CDEB24A20F8AB2D00356206 /* EnglishTC.txt in Resources */ = {isa = PBXBuildFile; fileRef = 7CDEB24C20F8AB2D00356206 /* EnglishTC.txt */; };
/* End PBXBuildFile section */

/* Begin PBXFileReference section */
		7C294A2D1EF0477700590235 /* data.plist */ = {isa = PBXFileReference; fileEncoding = 4; lastKnownFileType = text.plist.xml; path = data.plist; sourceTree = "<group>"; };
		7C7D00011EE6FA2D00C1F416 /* Info.plist */ = {isa = PBXFileReference; lastKnownFileType = text.plist.xml; path = Info.plist; sourceTree = "<group>"; };
		7C7DFFF01EE6FA2D00C1F416 /* BundlesExample.app */ = {isa = PBXFileReference; explicitFileType = wrapper.application; includeInIndex = 0; path = BundlesExample.app; sourceTree = BUILT_PRODUCTS_DIR; };
		7C7DFFF31EE6FA2D00C1F416 /* AppDelegate.h */ = {isa = PBXFileReference; lastKnownFileType = sourcecode.c.h; path = AppDelegate.h; sourceTree = "<group>"; };
		7C7DFFF41EE6FA2D00C1F416 /* AppDelegate.m */ = {isa = PBXFileReference; lastKnownFileType = sourcecode.c.objc; path = AppDelegate.m; sourceTree = "<group>"; };
		7C7DFFF71EE6FA2D00C1F416 /* main.m */ = {isa = PBXFileReference; lastKnownFileType = sourcecode.c.objc; path = main.m; sourceTree = "<group>"; };
		7C7DFFF91EE6FA2D00C1F416 /* ViewController.h */ = {isa = PBXFileReference; lastKnownFileType = sourcecode.c.h; path = ViewController.h; sourceTree = "<group>"; };
		7C7DFFFA1EE6FA2D00C1F416 /* ViewController.m */ = {isa = PBXFileReference; lastKnownFileType = sourcecode.c.objc; path = ViewController.m; sourceTree = "<group>"; };
		7C7DFFFC1EE6FA2D00C1F416 /* Assets.xcassets */ = {isa = PBXFileReference; lastKnownFileType = folder.assetcatalog; path = Assets.xcassets; sourceTree = "<group>"; };
		7C7DFFFF1EE6FA2D00C1F416 /* Base */ = {isa = PBXFileReference; lastKnownFileType = file.storyboard; name = Base; path = Base.lproj/Main.storyboard; sourceTree = "<group>"; };
		7CDEB24120F832C200356206 /* en */ = {isa = PBXFileReference; lastKnownFileType = text.plist.strings; name = en; path = en.lproj/Main.strings; sourceTree = "<group>"; };
		7CDEB24220F8335500356206 /* es */ = {isa = PBXFileReference; lastKnownFileType = text.plist.strings; name = es; path = es.lproj/Main.strings; sourceTree = "<group>"; };
		7CDEB24420F89DF400356206 /* es */ = {isa = PBXFileReference; lastKnownFileType = text.plist.strings; name = es; path = es.lproj/InfoPlist.strings; sourceTree = "<group>"; };
		7CDEB24720F89E2C00356206 /* en */ = {isa = PBXFileReference; lastKnownFileType = image.png; name = en; path = "en.lproj/rypress-logo.png"; sourceTree = "<group>"; };
		7CDEB24920F89E4800356206 /* es */ = {isa = PBXFileReference; lastKnownFileType = image.png; name = es; path = "es.lproj/rypress-logo.png"; sourceTree = "<group>"; };
		7CDEB24B20F8AB2D00356206 /* en */ = {isa = PBXFileReference; lastKnownFileType = text; name = en; path = en.lproj/EnglishTC.txt; sourceTree = "<group>"; };
		7CDEB24D20F8AB2F00356206 /* es */ = {isa = PBXFileReference; lastKnownFileType = text; name = es; path = es.lproj/EnglishTC.txt; sourceTree = "<group>"; };
/* End PBXFileReference section */

/* Begin PBXFrameworksBuildPhase section */
		7C7DFFED1EE6FA2D00C1F416 /* Frameworks */ = {
			isa = PBXFrameworksBuildPhase;
			buildActionMask = 2147483647;
			files = (
			);
			runOnlyForDeploymentPostprocessing = 0;
		};
/* End PBXFrameworksBuildPhase section */

/* Begin PBXGroup section */
		7C7D00071EE6FDDB00C1F416 /* Resources */ = {
			isa = PBXGroup;
			children = (
				7CDEB24820F89E2C00356206 /* rypress-logo.png */,
				7CDEB24C20F8AB2D00356206 /* EnglishTC.txt */,
			);
			name = Resources;
			sourceTree = "<group>";
		};
		7C7DFFE71EE6FA2D00C1F416 = {
			isa = PBXGroup;
			children = (
				7C7DFFF21EE6FA2D00C1F416 /* BundlesExample */,
				7C7DFFF11EE6FA2D00C1F416 /* Products */,
			);
			sourceTree = "<group>";
		};
		7C7DFFF11EE6FA2D00C1F416 /* Products */ = {
			isa = PBXGroup;
			children = (
				7C7DFFF01EE6FA2D00C1F416 /* BundlesExample.app */,
			);
			name = Products;
			sourceTree = "<group>";
		};
		7C7DFFF21EE6FA2D00C1F416 /* BundlesExample */ = {
			isa = PBXGroup;
			children = (
				7C7D00071EE6FDDB00C1F416 /* Resources */,
				7C7DFFF31EE6FA2D00C1F416 /* AppDelegate.h */,
				7C7DFFF41EE6FA2D00C1F416 /* AppDelegate.m */,
				7C7DFFF91EE6FA2D00C1F416 /* ViewController.h */,
				7C7DFFFA1EE6FA2D00C1F416 /* ViewController.m */,
				7C7DFFFC1EE6FA2D00C1F416 /* Assets.xcassets */,
				7C7DFFFE1EE6FA2D00C1F416 /* Main.storyboard */,
				7C294A2D1EF0477700590235 /* data.plist */,
				7C7D00011EE6FA2D00C1F416 /* Info.plist */,
				7CDEB24320F89DF400356206 /* InfoPlist.strings */,
				7C7DFFF61EE6FA2D00C1F416 /* Supporting Files */,
			);
			path = BundlesExample;
			sourceTree = "<group>";
		};
		7C7DFFF61EE6FA2D00C1F416 /* Supporting Files */ = {
			isa = PBXGroup;
			children = (
				7C7DFFF71EE6FA2D00C1F416 /* main.m */,
			);
			name = "Supporting Files";
			sourceTree = "<group>";
		};
/* End PBXGroup section */

/* Begin PBXNativeTarget section */
		7C7DFFEF1EE6FA2D00C1F416 /* BundlesExample */ = {
			isa = PBXNativeTarget;
			buildConfigurationList = 7C7D00041EE6FA2D00C1F416 /* Build configuration list for PBXNativeTarget "BundlesExample" */;
			buildPhases = (
				7C7DFFEC1EE6FA2D00C1F416 /* Sources */,
				7C7DFFED1EE6FA2D00C1F416 /* Frameworks */,
				7C7DFFEE1EE6FA2D00C1F416 /* Resources */,
			);
			buildRules = (
			);
			dependencies = (
			);
			name = BundlesExample;
			productName = BundlesExample;
			productReference = 7C7DFFF01EE6FA2D00C1F416 /* BundlesExample.app */;
			productType = "com.apple.product-type.application";
		};
/* End PBXNativeTarget section */

/* Begin PBXProject section */
		7C7DFFE81EE6FA2D00C1F416 /* Project object */ = {
			isa = PBXProject;
			attributes = {
				LastUpgradeCheck = 0830;
				ORGANIZATIONNAME = "Michael Vilabrera";
				TargetAttributes = {
					7C7DFFEF1EE6FA2D00C1F416 = {
						CreatedOnToolsVersion = 8.3;
						DevelopmentTeam = 5Q3CLN5Y6Q;
						ProvisioningStyle = Automatic;
					};
				};
			};
			buildConfigurationList = 7C7DFFEB1EE6FA2D00C1F416 /* Build configuration list for PBXProject "BundlesExample" */;
			compatibilityVersion = "Xcode 3.2";
			developmentRegion = English;
			hasScannedForEncodings = 0;
			knownRegions = (
				en,
				Base,
				es,
			);
			mainGroup = 7C7DFFE71EE6FA2D00C1F416;
			productRefGroup = 7C7DFFF11EE6FA2D00C1F416 /* Products */;
			projectDirPath = "";
			projectRoot = "";
			targets = (
				7C7DFFEF1EE6FA2D00C1F416 /* BundlesExample */,
			);
		};
/* End PBXProject section */

/* Begin PBXResourcesBuildPhase section */
		7C7DFFEE1EE6FA2D00C1F416 /* Resources */ = {
			isa = PBXResourcesBuildPhase;
			buildActionMask = 2147483647;
			files = (
				7CDEB24620F89E2C00356206 /* rypress-logo.png in Resources */,
				7CDEB24520F89DF400356206 /* InfoPlist.strings in Resources */,
				7CDEB24A20F8AB2D00356206 /* EnglishTC.txt in Resources */,
				7C7DFFFD1EE6FA2D00C1F416 /* Assets.xcassets in Resources */,
				7C294A2E1EF0477700590235 /* data.plist in Resources */,
				7C7D00001EE6FA2D00C1F416 /* Main.storyboard in Resources */,
			);
			runOnlyForDeploymentPostprocessing = 0;
		};
/* End PBXResourcesBuildPhase section */

/* Begin PBXSourcesBuildPhase section */
		7C7DFFEC1EE6FA2D00C1F416 /* Sources */ = {
			isa = PBXSourcesBuildPhase;
			buildActionMask = 2147483647;
			files = (
				7C7DFFFB1EE6FA2D00C1F416 /* ViewController.m in Sources */,
				7C7DFFF81EE6FA2D00C1F416 /* main.m in Sources */,
				7C7DFFF51EE6FA2D00C1F416 /* AppDelegate.m in Sources */,
			);
			runOnlyForDeploymentPostprocessing = 0;
		};
/* End PBXSourcesBuildPhase section */

/* Begin PBXVariantGroup section */
		7C7DFFFE1EE6FA2D00C1F416 /* Main.storyboard */ = {
			isa = PBXVariantGroup;
			children = (
				7C7DFFFF1EE6FA2D00C1F416 /* Base */,
				7CDEB24120F832C200356206 /* en */,
				7CDEB24220F8335500356206 /* es */,
			);
			name = Main.storyboard;
			sourceTree = "<group>";
		};
		7CDEB24320F89DF400356206 /* InfoPlist.strings */ = {
			isa = PBXVariantGroup;
			children = (
				7CDEB24420F89DF400356206 /* es */,
			);
			name = InfoPlist.strings;
			sourceTree = "<group>";
		};
		7CDEB24820F89E2C00356206 /* rypress-logo.png */ = {
			isa = PBXVariantGroup;
			children = (
				7CDEB24720F89E2C00356206 /* en */,
				7CDEB24920F89E4800356206 /* es */,
			);
			name = "rypress-logo.png";
			sourceTree = "<group>";
		};
		7CDEB24C20F8AB2D00356206 /* EnglishTC.txt */ = {
			isa = PBXVariantGroup;
			children = (
				7CDEB24B20F8AB2D00356206 /* en */,
				7CDEB24D20F8AB2F00356206 /* es */,
			);
			name = EnglishTC.txt;
			sourceTree = "<group>";
		};
/* End PBXVariantGroup section */

/* Begin XCBuildConfiguration section */
		7C7D00021EE6FA2D00C1F416 /* Debug */ = {
			isa = XCBuildConfiguration;
			buildSettings = {
				ALWAYS_SEARCH_USER_PATHS = NO;
				CLANG_ANALYZER_LOCALIZABILITY_NONLOCALIZED = YES;
				CLANG_ANALYZER_NONNULL = YES;
				CLANG_ANALYZER_NUMBER_OBJECT_CONVERSION = YES_AGGRESSIVE;
				CLANG_CXX_LANGUAGE_STANDARD = "gnu++0x";
				CLANG_CXX_LIBRARY = "libc++";
				CLANG_ENABLE_MODULES = YES;
				CLANG_ENABLE_OBJC_ARC = YES;
				CLANG_WARN_BOOL_CONVERSION = YES;
				CLANG_WARN_CONSTANT_CONVERSION = YES;
				CLANG_WARN_DIRECT_OBJC_ISA_USAGE = YES_ERROR;
				CLANG_WARN_DOCUMENTATION_COMMENTS = YES;
				CLANG_WARN_EMPTY_BODY = YES;
				CLANG_WARN_ENUM_CONVERSION = YES;
				CLANG_WARN_INFINITE_RECURSION = YES;
				CLANG_WARN_INT_CONVERSION = YES;
				CLANG_WARN_OBJC_ROOT_CLASS = YES_ERROR;
				CLANG_WARN_SUSPICIOUS_MOVE = YES;
				CLANG_WARN_UNREACHABLE_CODE = YES;
				CLANG_WARN__DUPLICATE_METHOD_MATCH = YES;
				CODE_SIGN_IDENTITY = "-";
				COPY_PHASE_STRIP = NO;
				DEBUG_INFORMATION_FORMAT = dwarf;
				ENABLE_STRICT_OBJC_MSGSEND = YES;
				ENABLE_TESTABILITY = YES;
				GCC_C_LANGUAGE_STANDARD = gnu99;
				GCC_DYNAMIC_NO_PIC = NO;
				GCC_NO_COMMON_BLOCKS = YES;
				GCC_OPTIMIZATION_LEVEL = 0;
				GCC_PREPROCESSOR_DEFINITIONS = (
					"DEBUG=1",
					"$(inherited)",
				);
				GCC_WARN_64_TO_32_BIT_CONVERSION = YES;
				GCC_WARN_ABOUT_RETURN_TYPE = YES_ERROR;
				GCC_WARN_UNDECLARED_SELECTOR = YES;
				GCC_WARN_UNINITIALIZED_AUTOS = YES_AGGRESSIVE;
				GCC_WARN_UNUSED_FUNCTION = YES;
				GCC_WARN_UNUSED_VARIABLE = YES;
				MACOSX_DEPLOYMENT_TARGET = 10.12;
				MTL_ENABLE_DEBUG_INFO = YES;
				ONLY_ACTIVE_ARCH = YES;
				SDKROOT = macosx;
			};
			name = Debug;
		};
		7C7D00031EE6FA2D00C1F416 /* Release */ = {
			isa = XCBuildConfiguration;
			buildSettings = {
				ALWAYS_SEARCH_USER_PATHS = NO;
				CLANG_ANALYZER_LOCALIZABILITY_NONLOCALIZED = YES;
				CLANG_ANALYZER_NONNULL = YES;
				CLANG_ANALYZER_NUMBER_OBJECT_CONVERSION = YES_AGGRESSIVE;
				CLANG_CXX_LANGUAGE_STANDARD = "gnu++0x";
				CLANG_CXX_LIBRARY = "libc++";
				CLANG_ENABLE_MODULES = YES;
				CLANG_ENABLE_OBJC_ARC = YES;
				CLANG_WARN_BOOL_CONVERSION = YES;
				CLANG_WARN_CONSTANT_CONVERSION = YES;
				CLANG_WARN_DIRECT_OBJC_ISA_USAGE = YES_ERROR;
				CLANG_WARN_DOCUMENTATION_COMMENTS = YES;
				CLANG_WARN_EMPTY_BODY = YES;
				CLANG_WARN_ENUM_CONVERSION = YES;
				CLANG_WARN_INFINITE_RECURSION = YES;
				CLANG_WARN_INT_CONVERSION = YES;
				CLANG_WARN_OBJC_ROOT_CLASS = YES_ERROR;
				CLANG_WARN_SUSPICIOUS_MOVE = YES;
				CLANG_WARN_UNREACHABLE_CODE = YES;
				CLANG_WARN__DUPLICATE_METHOD_MATCH = YES;
				CODE_SIGN_IDENTITY = "-";
				COPY_PHASE_STRIP = NO;
				DEBUG_INFORMATION_FORMAT = "dwarf-with-dsym";
				ENABLE_NS_ASSERTIONS = NO;
				ENABLE_STRICT_OBJC_MSGSEND = YES;
				GCC_C_LANGUAGE_STANDARD = gnu99;
				GCC_NO_COMMON_BLOCKS = YES;
				GCC_WARN_64_TO_32_BIT_CONVERSION = YES;
				GCC_WARN_ABOUT_RETURN_TYPE = YES_ERROR;
				GCC_WARN_UNDECLARED_SELECTOR = YES;
				GCC_WARN_UNINITIALIZED_AUTOS = YES_AGGRESSIVE;
				GCC_WARN_UNUSED_FUNCTION = YES;
				GCC_WARN_UNUSED_VARIABLE = YES;
				MACOSX_DEPLOYMENT_TARGET = 10.12;
				MTL_ENABLE_DEBUG_INFO = NO;
				SDKROOT = macosx;
			};
			name = Release;
		};
		7C7D00051EE6FA2D00C1F416 /* Debug */ = {
			isa = XCBuildConfiguration;
			buildSettings = {
				ASSETCATALOG_COMPILER_APPICON_NAME = AppIcon;
				COMBINE_HIDPI_IMAGES = YES;
				DEVELOPMENT_TEAM = 5Q3CLN5Y6Q;
				INFOPLIST_FILE = BundlesExample/Info.plist;
				LD_RUNPATH_SEARCH_PATHS = "$(inherited) @executable_path/../Frameworks";
				PRODUCT_BUNDLE_IDENTIFIER = FullMetalFist.BundlesExample;
				PRODUCT_NAME = "$(TARGET_NAME)";
			};
			name = Debug;
		};
		7C7D00061EE6FA2D00C1F416 /* Release */ = {
			isa = XCBuildConfiguration;
			buildSettings = {
				ASSETCATALOG_COMPILER_APPICON_NAME = AppIcon;
				COMBINE_HIDPI_IMAGES = YES;
				DEVELOPMENT_TEAM = 5Q3CLN5Y6Q;
				INFOPLIST_FILE = BundlesExample/Info.plist;
				LD_RUNPATH_SEARCH_PATHS = "$(inherited) @executable_path/../Frameworks";
				PRODUCT_BUNDLE_IDENTIFIER = FullMetalFist.BundlesExample;
				PRODUCT_NAME = "$(TARGET_NAME)";
			};
			name = Release;
		};
/* End XCBuildConfiguration section */

/* Begin XCConfigurationList section */
		7C7D00041EE6FA2D00C1F416 /* Build configuration list for PBXNativeTarget "BundlesExample" */ = {
			isa = XCConfigurationList;
			buildConfigurations = (
				7C7D00051EE6FA2D00C1F416 /* Debug */,
				7C7D00061EE6FA2D00C1F416 /* Release */,
			);
			defaultConfigurationIsVisible = 0;
			defaultConfigurationName = Release;
		};
		7C7DFFEB1EE6FA2D00C1F416 /* Build configuration list for PBXProject "BundlesExample" */ = {
			isa = XCConfigurationList;
			buildConfigurations = (
				7C7D00021EE6FA2D00C1F416 /* Debug */,
				7C7D00031EE6FA2D00C1F416 /* Release */,
			);
			defaultConfigurationIsVisible = 0;
			defaultConfigurationName = Release;
		};
/* End XCConfigurationList section */
	};
	rootObject = 7C7DFFE81EE6FA2D00C1F416 /* Project object */;
}
